
Microsoft Visual Studio Solution File, Format Version 12.00
# Visual Studio Version 17
VisualStudioVersion = 17.5.002.0
MinimumVisualStudioVersion = 10.0.40219.1
Project("{9A19103F-16F7-4668-BE54-9A1E7A4F7556}") = "KH_Sikkerhet", "KH_Sikkerhet.csproj", "{73E92AA4-DF57-4C28-BFA5-B0DD3AED5230}"
EndProject
Global
	GlobalSection(SolutionConfigurationPlatforms) = preSolution
		Debug|Any CPU = Debug|Any CPU
		Release|Any CPU = Release|Any CPU
	EndGlobalSection
	GlobalSection(ProjectConfigurationPlatforms) = postSolution
		{73E92AA4-DF57-4C28-BFA5-B0DD3AED5230}.Debug|Any CPU.ActiveCfg = Debug|Any CPU
		{73E92AA4-DF57-4C28-BFA5-B0DD3AED5230}.Debug|Any CPU.Build.0 = Debug|Any CPU
		{73E92AA4-DF57-4C28-BFA5-B0DD3AED5230}.Release|Any CPU.ActiveCfg = Release|Any CPU
		{73E92AA4-DF57-4C28-BFA5-B0DD3AED5230}.Release|Any CPU.Build.0 = Release|Any CPU
	EndGlobalSection
	GlobalSection(SolutionProperties) = preSolution
		HideSolutionNode = FALSE
	EndGlobalSection
	GlobalSection(ExtensibilityGlobals) = postSolution
		SolutionGuid = {73BD4D50-C1F0-4E88-8454-EB19986E0364}
	EndGlobalSection
EndGlobal
